
Microsoft Visual Studio Solution File, Format Version 12.00
# Visual Studio Version 16
VisualStudioVersion = 16.0.29123.88
MinimumVisualStudioVersion = 10.0.40219.1
Project("{FAE04EC0-301F-11D3-BF4B-00C04F79EFBC}") = "Week1Ora2", "Week1Ora2.csproj", "{B7B1850D-4DE8-4157-AA6A-6F5421858D0E}"
EndProject
Global
	GlobalSection(SolutionConfigurationPlatforms) = preSolution
		Debug|Any CPU = Debug|Any CPU
		Release|Any CPU = Release|Any CPU
	EndGlobalSection
	GlobalSection(ProjectConfigurationPlatforms) = postSolution
		{B7B1850D-4DE8-4157-AA6A-6F5421858D0E}.Debug|Any CPU.ActiveCfg = Debug|Any CPU
		{B7B1850D-4DE8-4157-AA6A-6F5421858D0E}.Debug|Any CPU.Build.0 = Debug|Any CPU
		{B7B1850D-4DE8-4157-AA6A-6F5421858D0E}.Release|Any CPU.ActiveCfg = Release|Any CPU
		{B7B1850D-4DE8-4157-AA6A-6F5421858D0E}.Release|Any CPU.Build.0 = Release|Any CPU
	EndGlobalSection
	GlobalSection(SolutionProperties) = preSolution
		HideSolutionNode = FALSE
	EndGlobalSection
	GlobalSection(ExtensibilityGlobals) = postSolution
		SolutionGuid = {E97EDF1C-F432-40D6-B4F1-CD466CA9767A}
	EndGlobalSection
EndGlobal
